// !$*UTF8*$!
{
	archiveVersion = 1;
	classes = {
	};
	objectVersion = 50;
	objects = {

/* Begin PBXBuildFile section */
		261C47E8C9AFA107A98AA2A9 /* Pods_MovieFlixTests.framework in Frameworks */ = {isa = PBXBuildFile; fileRef = 4C5B94FF88D6ED5CE20B5252 /* Pods_MovieFlixTests.framework */; };
		863AA64523EB538D00EFD140 /* AppDelegate.swift in Sources */ = {isa = PBXBuildFile; fileRef = 863AA64423EB538D00EFD140 /* AppDelegate.swift */; };
		863AA64723EB538D00EFD140 /* SceneDelegate.swift in Sources */ = {isa = PBXBuildFile; fileRef = 863AA64623EB538D00EFD140 /* SceneDelegate.swift */; };
		863AA64C23EB538D00EFD140 /* Main.storyboard in Resources */ = {isa = PBXBuildFile; fileRef = 863AA64A23EB538D00EFD140 /* Main.storyboard */; };
		863AA64E23EB538F00EFD140 /* Assets.xcassets in Resources */ = {isa = PBXBuildFile; fileRef = 863AA64D23EB538F00EFD140 /* Assets.xcassets */; };
		863AA65123EB538F00EFD140 /* LaunchScreen.storyboard in Resources */ = {isa = PBXBuildFile; fileRef = 863AA64F23EB538F00EFD140 /* LaunchScreen.storyboard */; };
		863AA65C23EB538F00EFD140 /* MovieFlixTests.swift in Sources */ = {isa = PBXBuildFile; fileRef = 863AA65B23EB538F00EFD140 /* MovieFlixTests.swift */; };
		863AA66723EB538F00EFD140 /* MovieFlixUITests.swift in Sources */ = {isa = PBXBuildFile; fileRef = 863AA66623EB538F00EFD140 /* MovieFlixUITests.swift */; };
		863AA67723EB546D00EFD140 /* MovieFlixViewController.swift in Sources */ = {isa = PBXBuildFile; fileRef = 863AA67623EB546D00EFD140 /* MovieFlixViewController.swift */; };
		863AA67923EB5C6400EFD140 /* MovieFlixCell.swift in Sources */ = {isa = PBXBuildFile; fileRef = 863AA67823EB5C6400EFD140 /* MovieFlixCell.swift */; };
		ACBCB648F997CC6CECC43754 /* Pods_MovieFlix_MovieFlixUITests.framework in Frameworks */ = {isa = PBXBuildFile; fileRef = 6E4313F3BBDC2F3738612A53 /* Pods_MovieFlix_MovieFlixUITests.framework */; };
		E3CCA6566688819944F32805 /* Pods_MovieFlix.framework in Frameworks */ = {isa = PBXBuildFile; fileRef = B5728FA5C09C20185FB255E1 /* Pods_MovieFlix.framework */; };
/* End PBXBuildFile section */

/* Begin PBXContainerItemProxy section */
		863AA65823EB538F00EFD140 /* PBXContainerItemProxy */ = {
			isa = PBXContainerItemProxy;
			containerPortal = 863AA63923EB538C00EFD140 /* Project object */;
			proxyType = 1;
			remoteGlobalIDString = 863AA64023EB538C00EFD140;
			remoteInfo = MovieFlix;
		};
		863AA66323EB538F00EFD140 /* PBXContainerItemProxy */ = {
			isa = PBXContainerItemProxy;
			containerPortal = 863AA63923EB538C00EFD140 /* Project object */;
			proxyType = 1;
			remoteGlobalIDString = 863AA64023EB538C00EFD140;
			remoteInfo = MovieFlix;
		};
/* End PBXContainerItemProxy section */

/* Begin PBXFileReference section */
		08EB1C0A03C79FE7CD566EE4 /* Pods-MovieFlix-MovieFlixUITests.debug.xcconfig */ = {isa = PBXFileReference; includeInIndex = 1; lastKnownFileType = text.xcconfig; name = "Pods-MovieFlix-MovieFlixUITests.debug.xcconfig"; path = "Target Support Files/Pods-MovieFlix-MovieFlixUITests/Pods-MovieFlix-MovieFlixUITests.debug.xcconfig"; sourceTree = "<group>"; };
		3C3619CE3DBD6BBA099531FC /* Pods-MovieFlixTests.release.xcconfig */ = {isa = PBXFileReference; includeInIndex = 1; lastKnownFileType = text.xcconfig; name = "Pods-MovieFlixTests.release.xcconfig"; path = "Target Support Files/Pods-MovieFlixTests/Pods-MovieFlixTests.release.xcconfig"; sourceTree = "<group>"; };
		4C51C77F15FB322738E1237D /* Pods-MovieFlix.debug.xcconfig */ = {isa = PBXFileReference; includeInIndex = 1; lastKnownFileType = text.xcconfig; name = "Pods-MovieFlix.debug.xcconfig"; path = "Target Support Files/Pods-MovieFlix/Pods-MovieFlix.debug.xcconfig"; sourceTree = "<group>"; };
		4C5B94FF88D6ED5CE20B5252 /* Pods_MovieFlixTests.framework */ = {isa = PBXFileReference; explicitFileType = wrapper.framework; includeInIndex = 0; path = Pods_MovieFlixTests.framework; sourceTree = BUILT_PRODUCTS_DIR; };
		6E4313F3BBDC2F3738612A53 /* Pods_MovieFlix_MovieFlixUITests.framework */ = {isa = PBXFileReference; explicitFileType = wrapper.framework; includeInIndex = 0; path = Pods_MovieFlix_MovieFlixUITests.framework; sourceTree = BUILT_PRODUCTS_DIR; };
		7E990FE2CC61539DB1AE8D03 /* Pods-MovieFlix.release.xcconfig */ = {isa = PBXFileReference; includeInIndex = 1; lastKnownFileType = text.xcconfig; name = "Pods-MovieFlix.release.xcconfig"; path = "Target Support Files/Pods-MovieFlix/Pods-MovieFlix.release.xcconfig"; sourceTree = "<group>"; };
		863AA64123EB538D00EFD140 /* MovieFlix.app */ = {isa = PBXFileReference; explicitFileType = wrapper.application; includeInIndex = 0; path = MovieFlix.app; sourceTree = BUILT_PRODUCTS_DIR; };
		863AA64423EB538D00EFD140 /* AppDelegate.swift */ = {isa = PBXFileReference; lastKnownFileType = sourcecode.swift; path = AppDelegate.swift; sourceTree = "<group>"; };
		863AA64623EB538D00EFD140 /* SceneDelegate.swift */ = {isa = PBXFileReference; lastKnownFileType = sourcecode.swift; path = SceneDelegate.swift; sourceTree = "<group>"; };
		863AA64B23EB538D00EFD140 /* Base */ = {isa = PBXFileReference; lastKnownFileType = file.storyboard; name = Base; path = Base.lproj/Main.storyboard; sourceTree = "<group>"; };
		863AA64D23EB538F00EFD140 /* Assets.xcassets */ = {isa = PBXFileReference; lastKnownFileType = folder.assetcatalog; path = Assets.xcassets; sourceTree = "<group>"; };
		863AA65023EB538F00EFD140 /* Base */ = {isa = PBXFileReference; lastKnownFileType = file.storyboard; name = Base; path = Base.lproj/LaunchScreen.storyboard; sourceTree = "<group>"; };
		863AA65223EB538F00EFD140 /* Info.plist */ = {isa = PBXFileReference; lastKnownFileType = text.plist.xml; path = Info.plist; sourceTree = "<group>"; };
		863AA65723EB538F00EFD140 /* MovieFlixTests.xctest */ = {isa = PBXFileReference; explicitFileType = wrapper.cfbundle; includeInIndex = 0; path = MovieFlixTests.xctest; sourceTree = BUILT_PRODUCTS_DIR; };
		863AA65B23EB538F00EFD140 /* MovieFlixTests.swift */ = {isa = PBXFileReference; lastKnownFileType = sourcecode.swift; path = MovieFlixTests.swift; sourceTree = "<group>"; };
		863AA65D23EB538F00EFD140 /* Info.plist */ = {isa = PBXFileReference; lastKnownFileType = text.plist.xml; path = Info.plist; sourceTree = "<group>"; };
		863AA66223EB538F00EFD140 /* MovieFlixUITests.xctest */ = {isa = PBXFileReference; explicitFileType = wrapper.cfbundle; includeInIndex = 0; path = MovieFlixUITests.xctest; sourceTree = BUILT_PRODUCTS_DIR; };
		863AA66623EB538F00EFD140 /* MovieFlixUITests.swift */ = {isa = PBXFileReference; lastKnownFileType = sourcecode.swift; path = MovieFlixUITests.swift; sourceTree = "<group>"; };
		863AA66823EB538F00EFD140 /* Info.plist */ = {isa = PBXFileReference; lastKnownFileType = text.plist.xml; path = Info.plist; sourceTree = "<group>"; };
		863AA67623EB546D00EFD140 /* MovieFlixViewController.swift */ = {isa = PBXFileReference; lastKnownFileType = sourcecode.swift; path = MovieFlixViewController.swift; sourceTree = "<group>"; };
		863AA67823EB5C6400EFD140 /* MovieFlixCell.swift */ = {isa = PBXFileReference; lastKnownFileType = sourcecode.swift; path = MovieFlixCell.swift; sourceTree = "<group>"; };
		B5728FA5C09C20185FB255E1 /* Pods_MovieFlix.framework */ = {isa = PBXFileReference; explicitFileType = wrapper.framework; includeInIndex = 0; path = Pods_MovieFlix.framework; sourceTree = BUILT_PRODUCTS_DIR; };
		B9DE4573CD0DCF6239F271EC /* Pods-MovieFlix-MovieFlixUITests.release.xcconfig */ = {isa = PBXFileReference; includeInIndex = 1; lastKnownFileType = text.xcconfig; name = "Pods-MovieFlix-MovieFlixUITests.release.xcconfig"; path = "Target Support Files/Pods-MovieFlix-MovieFlixUITests/Pods-MovieFlix-MovieFlixUITests.release.xcconfig"; sourceTree = "<group>"; };
		C743160F7609AD19DC931516 /* Pods-MovieFlixTests.debug.xcconfig */ = {isa = PBXFileReference; includeInIndex = 1; lastKnownFileType = text.xcconfig; name = "Pods-MovieFlixTests.debug.xcconfig"; path = "Target Support Files/Pods-MovieFlixTests/Pods-MovieFlixTests.debug.xcconfig"; sourceTree = "<group>"; };
/* End PBXFileReference section */

/* Begin PBXFrameworksBuildPhase section */
		863AA63E23EB538C00EFD140 /* Frameworks */ = {
			isa = PBXFrameworksBuildPhase;
			buildActionMask = 2147483647;
			files = (
				E3CCA6566688819944F32805 /* Pods_MovieFlix.framework in Frameworks */,
			);
			runOnlyForDeploymentPostprocessing = 0;
		};
		863AA65423EB538F00EFD140 /* Frameworks */ = {
			isa = PBXFrameworksBuildPhase;
			buildActionMask = 2147483647;
			files = (
				261C47E8C9AFA107A98AA2A9 /* Pods_MovieFlixTests.framework in Frameworks */,
			);
			runOnlyForDeploymentPostprocessing = 0;
		};
		863AA65F23EB538F00EFD140 /* Frameworks */ = {
			isa = PBXFrameworksBuildPhase;
			buildActionMask = 2147483647;
			files = (
				ACBCB648F997CC6CECC43754 /* Pods_MovieFlix_MovieFlixUITests.framework in Frameworks */,
			);
			runOnlyForDeploymentPostprocessing = 0;
		};
/* End PBXFrameworksBuildPhase section */

/* Begin PBXGroup section */
		0984C1931D6B96DBC3E98C18 /* Frameworks */ = {
			isa = PBXGroup;
			children = (
				B5728FA5C09C20185FB255E1 /* Pods_MovieFlix.framework */,
				6E4313F3BBDC2F3738612A53 /* Pods_MovieFlix_MovieFlixUITests.framework */,
				4C5B94FF88D6ED5CE20B5252 /* Pods_MovieFlixTests.framework */,
			);
			name = Frameworks;
			sourceTree = "<group>";
		};
		7B326F423EFB0389CEA42372 /* Pods */ = {
			isa = PBXGroup;
			children = (
				4C51C77F15FB322738E1237D /* Pods-MovieFlix.debug.xcconfig */,
				7E990FE2CC61539DB1AE8D03 /* Pods-MovieFlix.release.xcconfig */,
				08EB1C0A03C79FE7CD566EE4 /* Pods-MovieFlix-MovieFlixUITests.debug.xcconfig */,
				B9DE4573CD0DCF6239F271EC /* Pods-MovieFlix-MovieFlixUITests.release.xcconfig */,
				C743160F7609AD19DC931516 /* Pods-MovieFlixTests.debug.xcconfig */,
				3C3619CE3DBD6BBA099531FC /* Pods-MovieFlixTests.release.xcconfig */,
			);
			name = Pods;
			path = Pods;
			sourceTree = "<group>";
		};
		863AA63823EB538C00EFD140 = {
			isa = PBXGroup;
			children = (
				863AA64323EB538D00EFD140 /* MovieFlix */,
				863AA65A23EB538F00EFD140 /* MovieFlixTests */,
				863AA66523EB538F00EFD140 /* MovieFlixUITests */,
				863AA64223EB538D00EFD140 /* Products */,
				7B326F423EFB0389CEA42372 /* Pods */,
				0984C1931D6B96DBC3E98C18 /* Frameworks */,
			);
			sourceTree = "<group>";
		};
		863AA64223EB538D00EFD140 /* Products */ = {
			isa = PBXGroup;
			children = (
				863AA64123EB538D00EFD140 /* MovieFlix.app */,
				863AA65723EB538F00EFD140 /* MovieFlixTests.xctest */,
				863AA66223EB538F00EFD140 /* MovieFlixUITests.xctest */,
			);
			name = Products;
			sourceTree = "<group>";
		};
		863AA64323EB538D00EFD140 /* MovieFlix */ = {
			isa = PBXGroup;
			children = (
				863AA64423EB538D00EFD140 /* AppDelegate.swift */,
				863AA64623EB538D00EFD140 /* SceneDelegate.swift */,
				863AA64A23EB538D00EFD140 /* Main.storyboard */,
				863AA64D23EB538F00EFD140 /* Assets.xcassets */,
				863AA64F23EB538F00EFD140 /* LaunchScreen.storyboard */,
				863AA65223EB538F00EFD140 /* Info.plist */,
				863AA67623EB546D00EFD140 /* MovieFlixViewController.swift */,
				863AA67823EB5C6400EFD140 /* MovieFlixCell.swift */,
			);
			path = MovieFlix;
			sourceTree = "<group>";
		};
		863AA65A23EB538F00EFD140 /* MovieFlixTests */ = {
			isa = PBXGroup;
			children = (
				863AA65B23EB538F00EFD140 /* MovieFlixTests.swift */,
				863AA65D23EB538F00EFD140 /* Info.plist */,
			);
			path = MovieFlixTests;
			sourceTree = "<group>";
		};
		863AA66523EB538F00EFD140 /* MovieFlixUITests */ = {
			isa = PBXGroup;
			children = (
				863AA66623EB538F00EFD140 /* MovieFlixUITests.swift */,
				863AA66823EB538F00EFD140 /* Info.plist */,
			);
			path = MovieFlixUITests;
			sourceTree = "<group>";
		};
/* End PBXGroup section */

/* Begin PBXNativeTarget section */
		863AA64023EB538C00EFD140 /* MovieFlix */ = {
			isa = PBXNativeTarget;
			buildConfigurationList = 863AA66B23EB538F00EFD140 /* Build configuration list for PBXNativeTarget "MovieFlix" */;
			buildPhases = (
				C000DE1AA360A06E19021072 /* [CP] Check Pods Manifest.lock */,
				863AA63D23EB538C00EFD140 /* Sources */,
				863AA63E23EB538C00EFD140 /* Frameworks */,
				863AA63F23EB538C00EFD140 /* Resources */,
				B45EB4D0EA3A13BB050DE427 /* [CP] Embed Pods Frameworks */,
			);
			buildRules = (
			);
			dependencies = (
			);
			name = MovieFlix;
			productName = MovieFlix;
			productReference = 863AA64123EB538D00EFD140 /* MovieFlix.app */;
			productType = "com.apple.product-type.application";
		};
		863AA65623EB538F00EFD140 /* MovieFlixTests */ = {
			isa = PBXNativeTarget;
			buildConfigurationList = 863AA66E23EB538F00EFD140 /* Build configuration list for PBXNativeTarget "MovieFlixTests" */;
			buildPhases = (
				F4F81D95804FB21DC819DB7F /* [CP] Check Pods Manifest.lock */,
				863AA65323EB538F00EFD140 /* Sources */,
				863AA65423EB538F00EFD140 /* Frameworks */,
				863AA65523EB538F00EFD140 /* Resources */,
			);
			buildRules = (
			);
			dependencies = (
				863AA65923EB538F00EFD140 /* PBXTargetDependency */,
			);
			name = MovieFlixTests;
			productName = MovieFlixTests;
			productReference = 863AA65723EB538F00EFD140 /* MovieFlixTests.xctest */;
			productType = "com.apple.product-type.bundle.unit-test";
		};
		863AA66123EB538F00EFD140 /* MovieFlixUITests */ = {
			isa = PBXNativeTarget;
			buildConfigurationList = 863AA67123EB538F00EFD140 /* Build configuration list for PBXNativeTarget "MovieFlixUITests" */;
			buildPhases = (
				BED9C555AA2A9412911541EA /* [CP] Check Pods Manifest.lock */,
				863AA65E23EB538F00EFD140 /* Sources */,
				863AA65F23EB538F00EFD140 /* Frameworks */,
				863AA66023EB538F00EFD140 /* Resources */,
				98ACEB04D53B5F19DFD2B792 /* [CP] Embed Pods Frameworks */,
			);
			buildRules = (
			);
			dependencies = (
				863AA66423EB538F00EFD140 /* PBXTargetDependency */,
			);
			name = MovieFlixUITests;
			productName = MovieFlixUITests;
			productReference = 863AA66223EB538F00EFD140 /* MovieFlixUITests.xctest */;
			productType = "com.apple.product-type.bundle.ui-testing";
		};
/* End PBXNativeTarget section */

/* Begin PBXProject section */
		863AA63923EB538C00EFD140 /* Project object */ = {
			isa = PBXProject;
			attributes = {
				LastSwiftUpdateCheck = 1130;
				LastUpgradeCheck = 1130;
				ORGANIZATIONNAME = "Bikalp  Timalsina";
				TargetAttributes = {
					863AA64023EB538C00EFD140 = {
						CreatedOnToolsVersion = 11.3.1;
					};
					863AA65623EB538F00EFD140 = {
						CreatedOnToolsVersion = 11.3.1;
						TestTargetID = 863AA64023EB538C00EFD140;
					};
					863AA66123EB538F00EFD140 = {
						CreatedOnToolsVersion = 11.3.1;
						TestTargetID = 863AA64023EB538C00EFD140;
					};
				};
			};
			buildConfigurationList = 863AA63C23EB538C00EFD140 /* Build configuration list for PBXProject "MovieFlix" */;
			compatibilityVersion = "Xcode 9.3";
			developmentRegion = en;
			hasScannedForEncodings = 0;
			knownRegions = (
				en,
				Base,
			);
			mainGroup = 863AA63823EB538C00EFD140;
			productRefGroup = 863AA64223EB538D00EFD140 /* Products */;
			projectDirPath = "";
			projectRoot = "";
			targets = (
				863AA64023EB538C00EFD140 /* MovieFlix */,
				863AA65623EB538F00EFD140 /* MovieFlixTests */,
				863AA66123EB538F00EFD140 /* MovieFlixUITests */,
			);
		};
/* End PBXProject section */

/* Begin PBXResourcesBuildPhase section */
		863AA63F23EB538C00EFD140 /* Resources */ = {
			isa = PBXResourcesBuildPhase;
			buildActionMask = 2147483647;
			files = (
				863AA65123EB538F00EFD140 /* LaunchScreen.storyboard in Resources */,
				863AA64E23EB538F00EFD140 /* Assets.xcassets in Resources */,
				863AA64C23EB538D00EFD140 /* Main.storyboard in Resources */,
			);
			runOnlyForDeploymentPostprocessing = 0;
		};
		863AA65523EB538F00EFD140 /* Resources */ = {
			isa = PBXResourcesBuildPhase;
			buildActionMask = 2147483647;
			files = (
			);
			runOnlyForDeploymentPostprocessing = 0;
		};
		863AA66023EB538F00EFD140 /* Resources */ = {
			isa = PBXResourcesBuildPhase;
			buildActionMask = 2147483647;
			files = (
			);
			runOnlyForDeploymentPostprocessing = 0;
		};
/* End PBXResourcesBuildPhase section */

/* Begin PBXShellScriptBuildPhase section */
		98ACEB04D53B5F19DFD2B792 /* [CP] Embed Pods Frameworks */ = {
			isa = PBXShellScriptBuildPhase;
			buildActionMask = 2147483647;
			files = (
			);
			inputFileListPaths = (
				"${PODS_ROOT}/Target Support Files/Pods-MovieFlix-MovieFlixUITests/Pods-MovieFlix-MovieFlixUITests-frameworks-${CONFIGURATION}-input-files.xcfilelist",
			);
			name = "[CP] Embed Pods Frameworks";
			outputFileListPaths = (
				"${PODS_ROOT}/Target Support Files/Pods-MovieFlix-MovieFlixUITests/Pods-MovieFlix-MovieFlixUITests-frameworks-${CONFIGURATION}-output-files.xcfilelist",
			);
			runOnlyForDeploymentPostprocessing = 0;
			shellPath = /bin/sh;
			shellScript = "\"${PODS_ROOT}/Target Support Files/Pods-MovieFlix-MovieFlixUITests/Pods-MovieFlix-MovieFlixUITests-frameworks.sh\"\n";
			showEnvVarsInLog = 0;
		};
		B45EB4D0EA3A13BB050DE427 /* [CP] Embed Pods Frameworks */ = {
			isa = PBXShellScriptBuildPhase;
			buildActionMask = 2147483647;
			files = (
			);
			inputFileListPaths = (
				"${PODS_ROOT}/Target Support Files/Pods-MovieFlix/Pods-MovieFlix-frameworks-${CONFIGURATION}-input-files.xcfilelist",
			);
			name = "[CP] Embed Pods Frameworks";
			outputFileListPaths = (
				"${PODS_ROOT}/Target Support Files/Pods-MovieFlix/Pods-MovieFlix-frameworks-${CONFIGURATION}-output-files.xcfilelist",
			);
			runOnlyForDeploymentPostprocessing = 0;
			shellPath = /bin/sh;
			shellScript = "\"${PODS_ROOT}/Target Support Files/Pods-MovieFlix/Pods-MovieFlix-frameworks.sh\"\n";
			showEnvVarsInLog = 0;
		};
		BED9C555AA2A9412911541EA /* [CP] Check Pods Manifest.lock */ = {
			isa = PBXShellScriptBuildPhase;
			buildActionMask = 2147483647;
			files = (
			);
			inputFileListPaths = (
			);
			inputPaths = (
				"${PODS_PODFILE_DIR_PATH}/Podfile.lock",
				"${PODS_ROOT}/Manifest.lock",
			);
			name = "[CP] Check Pods Manifest.lock";
			outputFileListPaths = (
			);
			outputPaths = (
				"$(DERIVED_FILE_DIR)/Pods-MovieFlix-MovieFlixUITests-checkManifestLockResult.txt",
			);
			runOnlyForDeploymentPostprocessing = 0;
			shellPath = /bin/sh;
			shellScript = "diff \"${PODS_PODFILE_DIR_PATH}/Podfile.lock\" \"${PODS_ROOT}/Manifest.lock\" > /dev/null\nif [ $? != 0 ] ; then\n    # print error to STDERR\n    echo \"error: The sandbox is not in sync with the Podfile.lock. Run 'pod install' or update your CocoaPods installation.\" >&2\n    exit 1\nfi\n# This output is used by Xcode 'outputs' to avoid re-running this script phase.\necho \"SUCCESS\" > \"${SCRIPT_OUTPUT_FILE_0}\"\n";
			showEnvVarsInLog = 0;
		};
		C000DE1AA360A06E19021072 /* [CP] Check Pods Manifest.lock */ = {
			isa = PBXShellScriptBuildPhase;
			buildActionMask = 2147483647;
			files = (
			);
			inputFileListPaths = (
			);
			inputPaths = (
				"${PODS_PODFILE_DIR_PATH}/Podfile.lock",
				"${PODS_ROOT}/Manifest.lock",
			);
			name = "[CP] Check Pods Manifest.lock";
			outputFileListPaths = (
			);
			outputPaths = (
				"$(DERIVED_FILE_DIR)/Pods-MovieFlix-checkManifestLockResult.txt",
			);
			runOnlyForDeploymentPostprocessing = 0;
			shellPath = /bin/sh;
			shellScript = "diff \"${PODS_PODFILE_DIR_PATH}/Podfile.lock\" \"${PODS_ROOT}/Manifest.lock\" > /dev/null\nif [ $? != 0 ] ; then\n    # print error to STDERR\n    echo \"error: The sandbox is not in sync with the Podfile.lock. Run 'pod install' or update your CocoaPods installation.\" >&2\n    exit 1\nfi\n# This output is used by Xcode 'outputs' to avoid re-running this script phase.\necho \"SUCCESS\" > \"${SCRIPT_OUTPUT_FILE_0}\"\n";
			showEnvVarsInLog = 0;
		};
		F4F81D95804FB21DC819DB7F /* [CP] Check Pods Manifest.lock */ = {
			isa = PBXShellScriptBuildPhase;
			buildActionMask = 2147483647;
			files = (
			);
			inputFileListPaths = (
			);
			inputPaths = (
				"${PODS_PODFILE_DIR_PATH}/Podfile.lock",
				"${PODS_ROOT}/Manifest.lock",
			);
			name = "[CP] Check Pods Manifest.lock";
			outputFileListPaths = (
			);
			outputPaths = (
				"$(DERIVED_FILE_DIR)/Pods-MovieFlixTests-checkManifestLockResult.txt",
			);
			runOnlyForDeploymentPostprocessing = 0;
			shellPath = /bin/sh;
			shellScript = "diff \"${PODS_PODFILE_DIR_PATH}/Podfile.lock\" \"${PODS_ROOT}/Manifest.lock\" > /dev/null\nif [ $? != 0 ] ; then\n    # print error to STDERR\n    echo \"error: The sandbox is not in sync with the Podfile.lock. Run 'pod install' or update your CocoaPods installation.\" >&2\n    exit 1\nfi\n# This output is used by Xcode 'outputs' to avoid re-running this script phase.\necho \"SUCCESS\" > \"${SCRIPT_OUTPUT_FILE_0}\"\n";
			showEnvVarsInLog = 0;
		};
/* End PBXShellScriptBuildPhase section */

/* Begin PBXSourcesBuildPhase section */
		863AA63D23EB538C00EFD140 /* Sources */ = {
			isa = PBXSourcesBuildPhase;
			buildActionMask = 2147483647;
			files = (
				863AA67723EB546D00EFD140 /* MovieFlixViewController.swift in Sources */,
				863AA67923EB5C6400EFD140 /* MovieFlixCell.swift in Sources */,
				863AA64523EB538D00EFD140 /* AppDelegate.swift in Sources */,
				863AA64723EB538D00EFD140 /* SceneDelegate.swift in Sources */,
			);
			runOnlyForDeploymentPostprocessing = 0;
		};
		863AA65323EB538F00EFD140 /* Sources */ = {
			isa = PBXSourcesBuildPhase;
			buildActionMask = 2147483647;
			files = (
				863AA65C23EB538F00EFD140 /* MovieFlixTests.swift in Sources */,
			);
			runOnlyForDeploymentPostprocessing = 0;
		};
		863AA65E23EB538F00EFD140 /* Sources */ = {
			isa = PBXSourcesBuildPhase;
			buildActionMask = 2147483647;
			files = (
				863AA66723EB538F00EFD140 /* MovieFlixUITests.swift in Sources */,
			);
			runOnlyForDeploymentPostprocessing = 0;
		};
/* End PBXSourcesBuildPhase section */

/* Begin PBXTargetDependency section */
		863AA65923EB538F00EFD140 /* PBXTargetDependency */ = {
			isa = PBXTargetDependency;
			target = 863AA64023EB538C00EFD140 /* MovieFlix */;
			targetProxy = 863AA65823EB538F00EFD140 /* PBXContainerItemProxy */;
		};
		863AA66423EB538F00EFD140 /* PBXTargetDependency */ = {
			isa = PBXTargetDependency;
			target = 863AA64023EB538C00EFD140 /* MovieFlix */;
			targetProxy = 863AA66323EB538F00EFD140 /* PBXContainerItemProxy */;
		};
/* End PBXTargetDependency section */

/* Begin PBXVariantGroup section */
		863AA64A23EB538D00EFD140 /* Main.storyboard */ = {
			isa = PBXVariantGroup;
			children = (
				863AA64B23EB538D00EFD140 /* Base */,
			);
			name = Main.storyboard;
			sourceTree = "<group>";
		};
		863AA64F23EB538F00EFD140 /* LaunchScreen.storyboard */ = {
			isa = PBXVariantGroup;
			children = (
				863AA65023EB538F00EFD140 /* Base */,
			);
			name = LaunchScreen.storyboard;
			sourceTree = "<group>";
		};
/* End PBXVariantGroup section */

/* Begin XCBuildConfiguration section */
		863AA66923EB538F00EFD140 /* Debug */ = {
			isa = XCBuildConfiguration;
			buildSettings = {
				ALWAYS_SEARCH_USER_PATHS = NO;
				CLANG_ANALYZER_NONNULL = YES;
				CLANG_ANALYZER_NUMBER_OBJECT_CONVERSION = YES_AGGRESSIVE;
				CLANG_CXX_LANGUAGE_STANDARD = "gnu++14";
				CLANG_CXX_LIBRARY = "libc++";
				CLANG_ENABLE_MODULES = YES;
				CLANG_ENABLE_OBJC_ARC = YES;
				CLANG_ENABLE_OBJC_WEAK = YES;
				CLANG_WARN_BLOCK_CAPTURE_AUTORELEASING = YES;
				CLANG_WARN_BOOL_CONVERSION = YES;
				CLANG_WARN_COMMA = YES;
				CLANG_WARN_CONSTANT_CONVERSION = YES;
				CLANG_WARN_DEPRECATED_OBJC_IMPLEMENTATIONS = YES;
				CLANG_WARN_DIRECT_OBJC_ISA_USAGE = YES_ERROR;
				CLANG_WARN_DOCUMENTATION_COMMENTS = YES;
				CLANG_WARN_EMPTY_BODY = YES;
				CLANG_WARN_ENUM_CONVERSION = YES;
				CLANG_WARN_INFINITE_RECURSION = YES;
				CLANG_WARN_INT_CONVERSION = YES;
				CLANG_WARN_NON_LITERAL_NULL_CONVERSION = YES;
				CLANG_WARN_OBJC_IMPLICIT_RETAIN_SELF = YES;
				CLANG_WARN_OBJC_LITERAL_CONVERSION = YES;
				CLANG_WARN_OBJC_ROOT_CLASS = YES_ERROR;
				CLANG_WARN_RANGE_LOOP_ANALYSIS = YES;
				CLANG_WARN_STRICT_PROTOTYPES = YES;
				CLANG_WARN_SUSPICIOUS_MOVE = YES;
				CLANG_WARN_UNGUARDED_AVAILABILITY = YES_AGGRESSIVE;
				CLANG_WARN_UNREACHABLE_CODE = YES;
				CLANG_WARN__DUPLICATE_METHOD_MATCH = YES;
				COPY_PHASE_STRIP = NO;
				DEBUG_INFORMATION_FORMAT = dwarf;
				ENABLE_STRICT_OBJC_MSGSEND = YES;
				ENABLE_TESTABILITY = YES;
				GCC_C_LANGUAGE_STANDARD = gnu11;
				GCC_DYNAMIC_NO_PIC = NO;
				GCC_NO_COMMON_BLOCKS = YES;
				GCC_OPTIMIZATION_LEVEL = 0;
				GCC_PREPROCESSOR_DEFINITIONS = (
					"DEBUG=1",
					"$(inherited)",
				);
				GCC_WARN_64_TO_32_BIT_CONVERSION = YES;
				GCC_WARN_ABOUT_RETURN_TYPE = YES_ERROR;
				GCC_WARN_UNDECLARED_SELECTOR = YES;
				GCC_WARN_UNINITIALIZED_AUTOS = YES_AGGRESSIVE;
				GCC_WARN_UNUSED_FUNCTION = YES;
				GCC_WARN_UNUSED_VARIABLE = YES;
				IPHONEOS_DEPLOYMENT_TARGET = 13.2;
				MTL_ENABLE_DEBUG_INFO = INCLUDE_SOURCE;
				MTL_FAST_MATH = YES;
				ONLY_ACTIVE_ARCH = YES;
				SDKROOT = iphoneos;
				SWIFT_ACTIVE_COMPILATION_CONDITIONS = DEBUG;
				SWIFT_OPTIMIZATION_LEVEL = "-Onone";
			};
			name = Debug;
		};
		863AA66A23EB538F00EFD140 /* Release */ = {
			isa = XCBuildConfiguration;
			buildSettings = {
				ALWAYS_SEARCH_USER_PATHS = NO;
				CLANG_ANALYZER_NONNULL = YES;
				CLANG_ANALYZER_NUMBER_OBJECT_CONVERSION = YES_AGGRESSIVE;
				CLANG_CXX_LANGUAGE_STANDARD = "gnu++14";
				CLANG_CXX_LIBRARY = "libc++";
				CLANG_ENABLE_MODULES = YES;
				CLANG_ENABLE_OBJC_ARC = YES;
				CLANG_ENABLE_OBJC_WEAK = YES;
				CLANG_WARN_BLOCK_CAPTURE_AUTORELEASING = YES;
				CLANG_WARN_BOOL_CONVERSION = YES;
				CLANG_WARN_COMMA = YES;
				CLANG_WARN_CONSTANT_CONVERSION = YES;
				CLANG_WARN_DEPRECATED_OBJC_IMPLEMENTATIONS = YES;
				CLANG_WARN_DIRECT_OBJC_ISA_USAGE = YES_ERROR;
				CLANG_WARN_DOCUMENTATION_COMMENTS = YES;
				CLANG_WARN_EMPTY_BODY = YES;
				CLANG_WARN_ENUM_CONVERSION = YES;
				CLANG_WARN_INFINITE_RECURSION = YES;
				CLANG_WARN_INT_CONVERSION = YES;
				CLANG_WARN_NON_LITERAL_NULL_CONVERSION = YES;
				CLANG_WARN_OBJC_IMPLICIT_RETAIN_SELF = YES;
				CLANG_WARN_OBJC_LITERAL_CONVERSION = YES;
				CLANG_WARN_OBJC_ROOT_CLASS = YES_ERROR;
				CLANG_WARN_RANGE_LOOP_ANALYSIS = YES;
				CLANG_WARN_STRICT_PROTOTYPES = YES;
				CLANG_WARN_SUSPICIOUS_MOVE = YES;
				CLANG_WARN_UNGUARDED_AVAILABILITY = YES_AGGRESSIVE;
				CLANG_WARN_UNREACHABLE_CODE = YES;
				CLANG_WARN__DUPLICATE_METHOD_MATCH = YES;
				COPY_PHASE_STRIP = NO;
				DEBUG_INFORMATION_FORMAT = "dwarf-with-dsym";
				ENABLE_NS_ASSERTIONS = NO;
				ENABLE_STRICT_OBJC_MSGSEND = YES;
				GCC_C_LANGUAGE_STANDARD = gnu11;
				GCC_NO_COMMON_BLOCKS = YES;
				GCC_WARN_64_TO_32_BIT_CONVERSION = YES;
				GCC_WARN_ABOUT_RETURN_TYPE = YES_ERROR;
				GCC_WARN_UNDECLARED_SELECTOR = YES;
				GCC_WARN_UNINITIALIZED_AUTOS = YES_AGGRESSIVE;
				GCC_WARN_UNUSED_FUNCTION = YES;
				GCC_WARN_UNUSED_VARIABLE = YES;
				IPHONEOS_DEPLOYMENT_TARGET = 13.2;
				MTL_ENABLE_DEBUG_INFO = NO;
				MTL_FAST_MATH = YES;
				SDKROOT = iphoneos;
				SWIFT_COMPILATION_MODE = wholemodule;
				SWIFT_OPTIMIZATION_LEVEL = "-O";
				VALIDATE_PRODUCT = YES;
			};
			name = Release;
		};
		863AA66C23EB538F00EFD140 /* Debug */ = {
			isa = XCBuildConfiguration;
			baseConfigurationReference = 4C51C77F15FB322738E1237D /* Pods-MovieFlix.debug.xcconfig */;
			buildSettings = {
				ASSETCATALOG_COMPILER_APPICON_NAME = AppIcon;
				CODE_SIGN_STYLE = Automatic;
				INFOPLIST_FILE = MovieFlix/Info.plist;
				LD_RUNPATH_SEARCH_PATHS = (
					"$(inherited)",
					"@executable_path/Frameworks",
				);
				PRODUCT_BUNDLE_IDENTIFIER = Bikalp.MovieFlix;
				PRODUCT_NAME = "$(TARGET_NAME)";
				SWIFT_VERSION = 5.0;
				TARGETED_DEVICE_FAMILY = "1,2";
			};
			name = Debug;
		};
		863AA66D23EB538F00EFD140 /* Release */ = {
			isa = XCBuildConfiguration;
			baseConfigurationReference = 7E990FE2CC61539DB1AE8D03 /* Pods-MovieFlix.release.xcconfig */;
			buildSettings = {
				ASSETCATALOG_COMPILER_APPICON_NAME = AppIcon;
				CODE_SIGN_STYLE = Automatic;
				INFOPLIST_FILE = MovieFlix/Info.plist;
				LD_RUNPATH_SEARCH_PATHS = (
					"$(inherited)",
					"@executable_path/Frameworks",
				);
				PRODUCT_BUNDLE_IDENTIFIER = Bikalp.MovieFlix;
				PRODUCT_NAME = "$(TARGET_NAME)";
				SWIFT_VERSION = 5.0;
				TARGETED_DEVICE_FAMILY = "1,2";
			};
			name = Release;
		};
		863AA66F23EB538F00EFD140 /* Debug */ = {
			isa = XCBuildConfiguration;
			baseConfigurationReference = C743160F7609AD19DC931516 /* Pods-MovieFlixTests.debug.xcconfig */;
			buildSettings = {
				ALWAYS_EMBED_SWIFT_STANDARD_LIBRARIES = YES;
				BUNDLE_LOADER = "$(TEST_HOST)";
				CODE_SIGN_STYLE = Automatic;
				INFOPLIST_FILE = MovieFlixTests/Info.plist;
				IPHONEOS_DEPLOYMENT_TARGET = 13.2;
				LD_RUNPATH_SEARCH_PATHS = (
					"$(inherited)",
					"@executable_path/Frameworks",
					"@loader_path/Frameworks",
				);
				PRODUCT_BUNDLE_IDENTIFIER = Bikalp.MovieFlixTests;
				PRODUCT_NAME = "$(TARGET_NAME)";
				SWIFT_VERSION = 5.0;
				TARGETED_DEVICE_FAMILY = "1,2";
				TEST_HOST = "$(BUILT_PRODUCTS_DIR)/MovieFlix.app/MovieFlix";
			};
			name = Debug;
		};
		863AA67023EB538F00EFD140 /* Release */ = {
			isa = XCBuildConfiguration;
			baseConfigurationReference = 3C3619CE3DBD6BBA099531FC /* Pods-MovieFlixTests.release.xcconfig */;
			buildSettings = {
				ALWAYS_EMBED_SWIFT_STANDARD_LIBRARIES = YES;
				BUNDLE_LOADER = "$(TEST_HOST)";
				CODE_SIGN_STYLE = Automatic;
				INFOPLIST_FILE = MovieFlixTests/Info.plist;
				IPHONEOS_DEPLOYMENT_TARGET = 13.2;
				LD_RUNPATH_SEARCH_PATHS = (
					"$(inherited)",
					"@executable_path/Frameworks",
					"@loader_path/Frameworks",
				);
				PRODUCT_BUNDLE_IDENTIFIER = Bikalp.MovieFlixTests;
				PRODUCT_NAME = "$(TARGET_NAME)";
				SWIFT_VERSION = 5.0;
				TARGETED_DEVICE_FAMILY = "1,2";
				TEST_HOST = "$(BUILT_PRODUCTS_DIR)/MovieFlix.app/MovieFlix";
			};
			name = Release;
		};
		863AA67223EB538F00EFD140 /* Debug */ = {
			isa = XCBuildConfiguration;
			baseConfigurationReference = 08EB1C0A03C79FE7CD566EE4 /* Pods-MovieFlix-MovieFlixUITests.debug.xcconfig */;
			buildSettings = {
				ALWAYS_EMBED_SWIFT_STANDARD_LIBRARIES = YES;
				CODE_SIGN_STYLE = Automatic;
				INFOPLIST_FILE = MovieFlixUITests/Info.plist;
				LD_RUNPATH_SEARCH_PATHS = (
					"$(inherited)",
					"@executable_path/Frameworks",
					"@loader_path/Frameworks",
				);
				PRODUCT_BUNDLE_IDENTIFIER = Bikalp.MovieFlixUITests;
				PRODUCT_NAME = "$(TARGET_NAME)";
				SWIFT_VERSION = 5.0;
				TARGETED_DEVICE_FAMILY = "1,2";
				TEST_TARGET_NAME = MovieFlix;
			};
			name = Debug;
		};
		863AA67323EB538F00EFD140 /* Release */ = {
			isa = XCBuildConfiguration;
			baseConfigurationReference = B9DE4573CD0DCF6239F271EC /* Pods-MovieFlix-MovieFlixUITests.release.xcconfig */;
			buildSettings = {
				ALWAYS_EMBED_SWIFT_STANDARD_LIBRARIES = YES;
				CODE_SIGN_STYLE = Automatic;
				INFOPLIST_FILE = MovieFlixUITests/Info.plist;
				LD_RUNPATH_SEARCH_PATHS = (
					"$(inherited)",
					"@executable_path/Frameworks",
					"@loader_path/Frameworks",
				);
				PRODUCT_BUNDLE_IDENTIFIER = Bikalp.MovieFlixUITests;
				PRODUCT_NAME = "$(TARGET_NAME)";
				SWIFT_VERSION = 5.0;
				TARGETED_DEVICE_FAMILY = "1,2";
				TEST_TARGET_NAME = MovieFlix;
			};
			name = Release;
		};
/* End XCBuildConfiguration section */

/* Begin XCConfigurationList section */
		863AA63C23EB538C00EFD140 /* Build configuration list for PBXProject "MovieFlix" */ = {
			isa = XCConfigurationList;
			buildConfigurations = (
				863AA66923EB538F00EFD140 /* Debug */,
				863AA66A23EB538F00EFD140 /* Release */,
			);
			defaultConfigurationIsVisible = 0;
			defaultConfigurationName = Release;
		};
		863AA66B23EB538F00EFD140 /* Build configuration list for PBXNativeTarget "MovieFlix" */ = {
			isa = XCConfigurationList;
			buildConfigurations = (
				863AA66C23EB538F00EFD140 /* Debug */,
				863AA66D23EB538F00EFD140 /* Release */,
			);
			defaultConfigurationIsVisible = 0;
			defaultConfigurationName = Release;
		};
		863AA66E23EB538F00EFD140 /* Build configuration list for PBXNativeTarget "MovieFlixTests" */ = {
			isa = XCConfigurationList;
			buildConfigurations = (
				863AA66F23EB538F00EFD140 /* Debug */,
				863AA67023EB538F00EFD140 /* Release */,
			);
			defaultConfigurationIsVisible = 0;
			defaultConfigurationName = Release;
		};
		863AA67123EB538F00EFD140 /* Build configuration list for PBXNativeTarget "MovieFlixUITests" */ = {
			isa = XCConfigurationList;
			buildConfigurations = (
				863AA67223EB538F00EFD140 /* Debug */,
				863AA67323EB538F00EFD140 /* Release */,
			);
			defaultConfigurationIsVisible = 0;
			defaultConfigurationName = Release;
		};
/* End XCConfigurationList section */
	};
	rootObject = 863AA63923EB538C00EFD140 /* Project object */;
}
